Microsoft Visual Studio Solution File, Format Version 12.00
# Visual Studio Version 17
VisualStudioVersion = 17.5.2.0
MinimumVisualStudioVersion = 10.0.40219.1
Project("{FAE04EC0-301F-11D3-BF4B-00C04F79EFBC}") = "projetoCarteiraValor", "projetoCarteiraValor.csproj", "{72DE8150-70B1-0EB1-58DD-52B79307F882}"
EndProject
Global
	GlobalSection(SolutionConfigurationPlatforms) = preSolution
		Debug|Any CPU = Debug|Any CPU
		Release|Any CPU = Release|Any CPU
	EndGlobalSection
	GlobalSection(ProjectConfigurationPlatforms) = postSolution
		{72DE8150-70B1-0EB1-58DD-52B79307F882}.Debug|Any CPU.ActiveCfg = Debug|Any CPU
		{72DE8150-70B1-0EB1-58DD-52B79307F882}.Debug|Any CPU.Build.0 = Debug|Any CPU
		{72DE8150-70B1-0EB1-58DD-52B79307F882}.Release|Any CPU.ActiveCfg = Release|Any CPU
		{72DE8150-70B1-0EB1-58DD-52B79307F882}.Release|Any CPU.Build.0 = Release|Any CPU
	EndGlobalSection
	GlobalSection(SolutionProperties) = preSolution
		HideSolutionNode = FALSE
	EndGlobalSection
	GlobalSection(ExtensibilityGlobals) = postSolution
		SolutionGuid = {58E33268-D54B-4C51-9764-C870F4376114}
	EndGlobalSection
EndGlobal
